
Microsoft Visual Studio Solution File, Format Version 12.00
# Visual Studio Version 17
VisualStudioVersion = 17.7.34031.279
MinimumVisualStudioVersion = 10.0.40219.1
Project("{FAE04EC0-301F-11D3-BF4B-00C04F79EFBC}") = "bai1.1", "bai1.1\bai1.1.csproj", "{C49FA743-FC1E-475D-A3D5-EDA7ABF6843B}"
EndProject
Global
	GlobalSection(SolutionConfigurationPlatforms) = preSolution
		Debug|Any CPU = Debug|Any CPU
		Release|Any CPU = Release|Any CPU
	EndGlobalSection
	GlobalSection(ProjectConfigurationPlatforms) = postSolution
		{C49FA743-FC1E-475D-A3D5-EDA7ABF6843B}.Debug|Any CPU.ActiveCfg = Debug|Any CPU
		{C49FA743-FC1E-475D-A3D5-EDA7ABF6843B}.Debug|Any CPU.Build.0 = Debug|Any CPU
		{C49FA743-FC1E-475D-A3D5-EDA7ABF6843B}.Release|Any CPU.ActiveCfg = Release|Any CPU
		{C49FA743-FC1E-475D-A3D5-EDA7ABF6843B}.Release|Any CPU.Build.0 = Release|Any CPU
	EndGlobalSection
	GlobalSection(SolutionProperties) = preSolution
		HideSolutionNode = FALSE
	EndGlobalSection
	GlobalSection(ExtensibilityGlobals) = postSolution
		SolutionGuid = {50C7B9C0-8E84-4665-BCE1-A05685D6CAD3}
	EndGlobalSection
EndGlobal
