
Microsoft Visual Studio Solution File, Format Version 12.00
# Visual Studio Version 17
VisualStudioVersion = 17.7.34031.279
MinimumVisualStudioVersion = 10.0.40219.1
Project("{FAE04EC0-301F-11D3-BF4B-00C04F79EFBC}") = "Lap01", "Lap01.csproj", "{8584CEF9-214E-46C4-B1C2-C86B9EAC35CB}"
EndProject
Global
	GlobalSection(SolutionConfigurationPlatforms) = preSolution
		Debug|Any CPU = Debug|Any CPU
		Release|Any CPU = Release|Any CPU
	EndGlobalSection
	GlobalSection(ProjectConfigurationPlatforms) = postSolution
		{8584CEF9-214E-46C4-B1C2-C86B9EAC35CB}.Debug|Any CPU.ActiveCfg = Debug|Any CPU
		{8584CEF9-214E-46C4-B1C2-C86B9EAC35CB}.Debug|Any CPU.Build.0 = Debug|Any CPU
		{8584CEF9-214E-46C4-B1C2-C86B9EAC35CB}.Release|Any CPU.ActiveCfg = Release|Any CPU
		{8584CEF9-214E-46C4-B1C2-C86B9EAC35CB}.Release|Any CPU.Build.0 = Release|Any CPU
	EndGlobalSection
	GlobalSection(SolutionProperties) = preSolution
		HideSolutionNode = FALSE
	EndGlobalSection
	GlobalSection(ExtensibilityGlobals) = postSolution
		SolutionGuid = {2BAF845B-B6BD-455F-A2D4-0224AC440891}
	EndGlobalSection
EndGlobal
